
Microsoft Visual Studio Solution File, Format Version 12.00
Project("{FAE04EC0-301F-11D3-BF4B-00C04F79EFBC}") = "HikayeOdevi", "HikayeOdevi.csproj", "{A60E250B-335D-4F2A-B80B-0A0B120B7CEC}"
EndProject
Global
	GlobalSection(SolutionConfigurationPlatforms) = preSolution
		Debug|Any CPU = Debug|Any CPU
		Release|Any CPU = Release|Any CPU
	EndGlobalSection
	GlobalSection(ProjectConfigurationPlatforms) = postSolution
		{A60E250B-335D-4F2A-B80B-0A0B120B7CEC}.Debug|Any CPU.ActiveCfg = Debug|Any CPU
		{A60E250B-335D-4F2A-B80B-0A0B120B7CEC}.Debug|Any CPU.Build.0 = Debug|Any CPU
		{A60E250B-335D-4F2A-B80B-0A0B120B7CEC}.Release|Any CPU.ActiveCfg = Release|Any CPU
		{A60E250B-335D-4F2A-B80B-0A0B120B7CEC}.Release|Any CPU.Build.0 = Release|Any CPU
	EndGlobalSection
EndGlobal
